// !$*UTF8*$!
{
	archiveVersion = 1;
	classes = {
	};
	objectVersion = 46;
	objects = {

/* Begin PBXBuildFile section */
		1CC398A61FAD76EC006152DF /* AppDelegate.swift in Sources */ = {isa = PBXBuildFile; fileRef = 1CC398A51FAD76EC006152DF /* AppDelegate.swift */; };
		1CC398A81FAD76EC006152DF /* ViewController.swift in Sources */ = {isa = PBXBuildFile; fileRef = 1CC398A71FAD76EC006152DF /* ViewController.swift */; };
		1CC398AB1FAD76EC006152DF /* Main.storyboard in Resources */ = {isa = PBXBuildFile; fileRef = 1CC398A91FAD76EC006152DF /* Main.storyboard */; };
		1CC398AD1FAD76EC006152DF /* Assets.xcassets in Resources */ = {isa = PBXBuildFile; fileRef = 1CC398AC1FAD76EC006152DF /* Assets.xcassets */; };
		1CC398B01FAD76EC006152DF /* LaunchScreen.storyboard in Resources */ = {isa = PBXBuildFile; fileRef = 1CC398AE1FAD76EC006152DF /* LaunchScreen.storyboard */; };
/* End PBXBuildFile section */

/* Begin PBXFileReference section */
		1CC398A21FAD76EC006152DF /* newdbinactiontest.app */ = {isa = PBXFileReference; explicitFileType = wrapper.application; includeInIndex = 0; path = XXXXX.app; sourceTree = BUILT_PRODUCTS_DIR; };
		1CC398A51FAD76EC006152DF /* AppDelegate.swift */ = {isa = PBXFileReference; lastKnownFileType = sourcecode.swift; path = AppDelegate.swift; sourceTree = "<group>"; };
		1CC398A71FAD76EC006152DF /* ViewController.swift */ = {isa = PBXFileReference; lastKnownFileType = sourcecode.swift; path = ViewController.swift; sourceTree = "<group>"; };
		1CC398AA1FAD76EC006152DF /* Base */ = {isa = PBXFileReference; lastKnownFileType = file.storyboard; name = Base; path = Base.lproj/Main.storyboard; sourceTree = "<group>"; };
		1CC398AC1FAD76EC006152DF /* Assets.xcassets */ = {isa = PBXFileReference; lastKnownFileType = folder.assetcatalog; path = Assets.xcassets; sourceTree = "<group>"; };
		1CC398AF1FAD76EC006152DF /* Base */ = {isa = PBXFileReference; lastKnownFileType = file.storyboard; name = Base; path = Base.lproj/LaunchScreen.storyboard; sourceTree = "<group>"; };
		1CC398B11FAD76EC006152DF /* Info.plist */ = {isa = PBXFileReference; lastKnownFileType = text.plist.xml; path = Info.plist; sourceTree = "<group>"; };
/* End PBXFileReference section */

/* Begin PBXFrameworksBuildPhase section */
		1CC3989F1FAD76EC006152DF /* Frameworks */ = {
			isa = PBXFrameworksBuildPhase;
			buildActionMask = 2147483647;
			files = (
			);
			runOnlyForDeploymentPostprocessing = 0;
		};
/* End PBXFrameworksBuildPhase section */

/* Begin PBXGroup section */
		1CC398991FAD76EC006152DF = {
			isa = PBXGroup;
			children = (
				1CC398A41FAD76EC006152DF /* XXXXX */,
				1CC398A31FAD76EC006152DF /* Products */,
			);
			sourceTree = "<group>";
		};
		1CC398A31FAD76EC006152DF /* Products */ = {
			isa = PBXGroup;
			children = (
				1CC398A21FAD76EC006152DF /* XXXXX.app */,
			);
			name = Products;
			sourceTree = "<group>";
		};
		1CC398A41FAD76EC006152DF /* XXXXX */ = {
			isa = PBXGroup;
			children = (
				1CC398A51FAD76EC006152DF /* AppDelegate.swift */,
				1CC398A71FAD76EC006152DF /* ViewController.swift */,
				1CC398A91FAD76EC006152DF /* Main.storyboard */,
				1CC398AC1FAD76EC006152DF /* Assets.xcassets */,
				1CC398AE1FAD76EC006152DF /* LaunchScreen.storyboard */,
				1CC398B11FAD76EC006152DF /* Info.plist */,
			);
			path = XXXXX;
			sourceTree = "<group>";
		};
/* End PBXGroup section */

/* Begin PBXNativeTarget section */
		1CC398A11FAD76EC006152DF /* XXXXX */ = {
			isa = PBXNativeTarget;
			buildConfigurationList = 1CC398B41FAD76EC006152DF /* Build configuration list for PBXNativeTarget "XXXXX" */;
			buildPhases = (
				1CC3989E1FAD76EC006152DF /* Sources */,
				1CC3989F1FAD76EC006152DF /* Frameworks */,
				1CC398A01FAD76EC006152DF /* Resources */,
			);
			buildRules = (
			);
			dependencies = (
			);
			name = XXXXX;
			productName = XXXXX;
			productReference = 1CC398A21FAD76EC006152DF /* XXXXX.app */;
			productType = "com.apple.product-type.application";
		};
/* End PBXNativeTarget section */

/* Begin PBXProject section */
		1CC3989A1FAD76EC006152DF /* Project object */ = {
			isa = PBXProject;
			attributes = {
				LastSwiftUpdateCheck = 0830;
				LastUpgradeCheck = 0830;
				ORGANIZATIONNAME = "Crane by Elly";
				TargetAttributes = {
					1CC398A11FAD76EC006152DF = {
						CreatedOnToolsVersion = 8.3.2;
						ProvisioningStyle = Automatic;
					};
				};
			};
			buildConfigurationList = 1CC3989D1FAD76EC006152DF /* Build configuration list for PBXProject "XXXXX" */;
			compatibilityVersion = "Xcode 3.2";
			developmentRegion = English;
			hasScannedForEncodings = 0;
			knownRegions = (
				en,
				Base,
			);
			mainGroup = 1CC398991FAD76EC006152DF;
			productRefGroup = 1CC398A31FAD76EC006152DF /* Products */;
			projectDirPath = "";
			projectRoot = "";
			targets = (
				1CC398A11FAD76EC006152DF /* XXXXX */,
			);
		};
/* End PBXProject section */

/* Begin PBXResourcesBuildPhase section */
		1CC398A01FAD76EC006152DF /* Resources */ = {
			isa = PBXResourcesBuildPhase;
			buildActionMask = 2147483647;
			files = (
				1CC398B01FAD76EC006152DF /* LaunchScreen.storyboard in Resources */,
				1CC398AD1FAD76EC006152DF /* Assets.xcassets in Resources */,
				1CC398AB1FAD76EC006152DF /* Main.storyboard in Resources */,
			);
			runOnlyForDeploymentPostprocessing = 0;
		};
/* End PBXResourcesBuildPhase section */

/* Begin PBXSourcesBuildPhase section */
		1CC3989E1FAD76EC006152DF /* Sources */ = {
			isa = PBXSourcesBuildPhase;
			buildActionMask = 2147483647;
			files = (
				1CC398A81FAD76EC006152DF /* ViewController.swift in Sources */,
				1CC398A61FAD76EC006152DF /* AppDelegate.swift in Sources */,
			);
			runOnlyForDeploymentPostprocessing = 0;
		};
/* End PBXSourcesBuildPhase section */

/* Begin PBXVariantGroup section */
		1CC398A91FAD76EC006152DF /* Main.storyboard */ = {
			isa = PBXVariantGroup;
			children = (
				1CC398AA1FAD76EC006152DF /* Base */,
			);
			name = Main.storyboard;
			sourceTree = "<group>";
		};
		1CC398AE1FAD76EC006152DF /* LaunchScreen.storyboard */ = {
			isa = PBXVariantGroup;
			children = (
				1CC398AF1FAD76EC006152DF /* Base */,
			);
			name = LaunchScreen.storyboard;
			sourceTree = "<group>";
		};
/* End PBXVariantGroup section */

/* Begin XCBuildConfiguration section */
		1CC398B21FAD76EC006152DF /* Debug */ = {
			isa = XCBuildConfiguration;
			buildSettings = {
				ALWAYS_SEARCH_USER_PATHS = NO;
				CLANG_ANALYZER_NONNULL = YES;
				CLANG_ANALYZER_NUMBER_OBJECT_CONVERSION = YES_AGGRESSIVE;
				CLANG_CXX_LANGUAGE_STANDARD = "gnu++0x";
				CLANG_CXX_LIBRARY = "libc++";
				CLANG_ENABLE_MODULES = YES;
				CLANG_ENABLE_OBJC_ARC = YES;
				CLANG_WARN_BOOL_CONVERSION = YES;
				CLANG_WARN_CONSTANT_CONVERSION = YES;
				CLANG_WARN_DIRECT_OBJC_ISA_USAGE = YES_ERROR;
				CLANG_WARN_DOCUMENTATION_COMMENTS = YES;
				CLANG_WARN_EMPTY_BODY = YES;
				CLANG_WARN_ENUM_CONVERSION = YES;
				CLANG_WARN_INFINITE_RECURSION = YES;
				CLANG_WARN_INT_CONVERSION = YES;
				CLANG_WARN_OBJC_ROOT_CLASS = YES_ERROR;
				CLANG_WARN_SUSPICIOUS_MOVE = YES;
				CLANG_WARN_UNREACHABLE_CODE = YES;
				CLANG_WARN__DUPLICATE_METHOD_MATCH = YES;
				"CODE_SIGN_IDENTITY[sdk=iphoneos*]" = "iPhone Developer";
				COPY_PHASE_STRIP = NO;
				DEBUG_INFORMATION_FORMAT = dwarf;
				ENABLE_STRICT_OBJC_MSGSEND = YES;
				ENABLE_TESTABILITY = YES;
				GCC_C_LANGUAGE_STANDARD = gnu99;
				GCC_DYNAMIC_NO_PIC = NO;
				GCC_NO_COMMON_BLOCKS = YES;
				GCC_OPTIMIZATION_LEVEL = 0;
				GCC_PREPROCESSOR_DEFINITIONS = (
					"DEBUG=1",
					"$(inherited)",
				);
				GCC_WARN_64_TO_32_BIT_CONVERSION = YES;
				GCC_WARN_ABOUT_RETURN_TYPE = YES_ERROR;
				GCC_WARN_UNDECLARED_SELECTOR = YES;
				GCC_WARN_UNINITIALIZED_AUTOS = YES_AGGRESSIVE;
				GCC_WARN_UNUSED_FUNCTION = YES;
				GCC_WARN_UNUSED_VARIABLE = YES;
				IPHONEOS_DEPLOYMENT_TARGET = 10.3;
				MTL_ENABLE_DEBUG_INFO = YES;
				ONLY_ACTIVE_ARCH = YES;
				SDKROOT = iphoneos;
				SWIFT_ACTIVE_COMPILATION_CONDITIONS = DEBUG;
				SWIFT_OPTIMIZATION_LEVEL = "-Onone";
				TARGETED_DEVICE_FAMILY = "1,2";
			};
			name = Debug;
		};
		1CC398B31FAD76EC006152DF /* Release */ = {
			isa = XCBuildConfiguration;
			buildSettings = {
				ALWAYS_SEARCH_USER_PATHS = NO;
				CLANG_ANALYZER_NONNULL = YES;
				CLANG_ANALYZER_NUMBER_OBJECT_CONVERSION = YES_AGGRESSIVE;
				CLANG_CXX_LANGUAGE_STANDARD = "gnu++0x";
				CLANG_CXX_LIBRARY = "libc++";
				CLANG_ENABLE_MODULES = YES;
				CLANG_ENABLE_OBJC_ARC = YES;
				CLANG_WARN_BOOL_CONVERSION = YES;
				CLANG_WARN_CONSTANT_CONVERSION = YES;
				CLANG_WARN_DIRECT_OBJC_ISA_USAGE = YES_ERROR;
				CLANG_WARN_DOCUMENTATION_COMMENTS = YES;
				CLANG_WARN_EMPTY_BODY = YES;
				CLANG_WARN_ENUM_CONVERSION = YES;
				CLANG_WARN_INFINITE_RECURSION = YES;
				CLANG_WARN_INT_CONVERSION = YES;
				CLANG_WARN_OBJC_ROOT_CLASS = YES_ERROR;
				CLANG_WARN_SUSPICIOUS_MOVE = YES;
				CLANG_WARN_UNREACHABLE_CODE = YES;
				CLANG_WARN__DUPLICATE_METHOD_MATCH = YES;
				"CODE_SIGN_IDENTITY[sdk=iphoneos*]" = "iPhone Developer";
				COPY_PHASE_STRIP = NO;
				DEBUG_INFORMATION_FORMAT = "dwarf-with-dsym";
				ENABLE_NS_ASSERTIONS = NO;
				ENABLE_STRICT_OBJC_MSGSEND = YES;
				GCC_C_LANGUAGE_STANDARD = gnu99;
				GCC_NO_COMMON_BLOCKS = YES;
				GCC_WARN_64_TO_32_BIT_CONVERSION = YES;
				GCC_WARN_ABOUT_RETURN_TYPE = YES_ERROR;
				GCC_WARN_UNDECLARED_SELECTOR = YES;
				GCC_WARN_UNINITIALIZED_AUTOS = YES_AGGRESSIVE;
				GCC_WARN_UNUSED_FUNCTION = YES;
				GCC_WARN_UNUSED_VARIABLE = YES;
				IPHONEOS_DEPLOYMENT_TARGET = 10.3;
				MTL_ENABLE_DEBUG_INFO = NO;
				SDKROOT = iphoneos;
				SWIFT_OPTIMIZATION_LEVEL = "-Owholemodule";
				TARGETED_DEVICE_FAMILY = "1,2";
				VALIDATE_PRODUCT = YES;
			};
			name = Release;
		};
		1CC398B51FAD76EC006152DF /* Debug */ = {
			isa = XCBuildConfiguration;
			buildSettings = {
				ASSETCATALOG_COMPILER_APPICON_NAME = AppIcon;
				INFOPLIST_FILE = XXXXX/Info.plist;
				LD_RUNPATH_SEARCH_PATHS = "$(inherited) @executable_path/Frameworks";
				PRODUCT_BUNDLE_IDENTIFIER = com.unify.XXXXX;
				PRODUCT_NAME = "$(TARGET_NAME)";
				SWIFT_VERSION = 3.0;
			};
			name = Debug;
		};
		1CC398B61FAD76EC006152DF /* Release */ = {
			isa = XCBuildConfiguration;
			buildSettings = {
				ASSETCATALOG_COMPILER_APPICON_NAME = AppIcon;
				INFOPLIST_FILE = XXXXX/Info.plist;
				LD_RUNPATH_SEARCH_PATHS = "$(inherited) @executable_path/Frameworks";
				PRODUCT_BUNDLE_IDENTIFIER = com.unify.XXXXX;
				PRODUCT_NAME = "$(TARGET_NAME)";
				SWIFT_VERSION = 3.0;
			};
			name = Release;
		};
/* End XCBuildConfiguration section */

/* Begin XCConfigurationList section */
		1CC3989D1FAD76EC006152DF /* Build configuration list for PBXProject "XXXXX" */ = {
			isa = XCConfigurationList;
			buildConfigurations = (
				1CC398B21FAD76EC006152DF /* Debug */,
				1CC398B31FAD76EC006152DF /* Release */,
			);
			defaultConfigurationIsVisible = 0;
			defaultConfigurationName = Release;
		};
		1CC398B41FAD76EC006152DF /* Build configuration list for PBXNativeTarget "XXXXX" */ = {
			isa = XCConfigurationList;
			buildConfigurations = (
				1CC398B51FAD76EC006152DF /* Debug */,
				1CC398B61FAD76EC006152DF /* Release */,
			);
			defaultConfigurationIsVisible = 0;
		};
/* End XCConfigurationList section */
	};
	rootObject = 1CC3989A1FAD76EC006152DF /* Project object */;
}
